// !$*UTF8*$!
{
	archiveVersion = 1;
	classes = {
	};
	objectVersion = 46;
	objects = {

/* Begin PBXBuildFile section */
		84074E471C3BD63B0056CDD2 /* PHAN 1.pdf in Resources */ = {isa = PBXBuildFile; fileRef = 84074E451C3BD63B0056CDD2 /* PHAN 1.pdf */; };
		84074E481C3BD63B0056CDD2 /* PHAN 2.pdf in Resources */ = {isa = PBXBuildFile; fileRef = 84074E461C3BD63B0056CDD2 /* PHAN 2.pdf */; };
		84074E4C1C3BD9FE0056CDD2 /* CustomTableViewController.m in Sources */ = {isa = PBXBuildFile; fileRef = 84074E4B1C3BD9FE0056CDD2 /* CustomTableViewController.m */; };
		84074E4E1C3BDA680056CDD2 /* tree-oak.jpg in Resources */ = {isa = PBXBuildFile; fileRef = 84074E4D1C3BDA680056CDD2 /* tree-oak.jpg */; };
		84074E511C3BDE960056CDD2 /* CustomTableCell.xib in Resources */ = {isa = PBXBuildFile; fileRef = 84074E501C3BDE960056CDD2 /* CustomTableCell.xib */; };
		84074E541C3BDF5B0056CDD2 /* CustomTableViewCell.m in Sources */ = {isa = PBXBuildFile; fileRef = 84074E531C3BDF5B0056CDD2 /* CustomTableViewCell.m */; };
		84074E561C3BE5AC0056CDD2 /* tableview.rtf in Resources */ = {isa = PBXBuildFile; fileRef = 84074E551C3BE5AC0056CDD2 /* tableview.rtf */; };
		842E3C101C451D5A00DE7E65 /* bai tap jackbot.pdf in Resources */ = {isa = PBXBuildFile; fileRef = 842E3C0F1C451D5A00DE7E65 /* bai tap jackbot.pdf */; };
		842E3C211C4527C700DE7E65 /* apple.jpg in Resources */ = {isa = PBXBuildFile; fileRef = 842E3C1D1C4527C700DE7E65 /* apple.jpg */; };
		842E3C221C4527C700DE7E65 /* cherry.png in Resources */ = {isa = PBXBuildFile; fileRef = 842E3C1E1C4527C700DE7E65 /* cherry.png */; };
		842E3C231C4527C700DE7E65 /* dollar.jpg in Resources */ = {isa = PBXBuildFile; fileRef = 842E3C1F1C4527C700DE7E65 /* dollar.jpg */; };
		842E3C241C4527C700DE7E65 /* seven.png in Resources */ = {isa = PBXBuildFile; fileRef = 842E3C201C4527C700DE7E65 /* seven.png */; };
		848845081C20941D00242F17 /* SongListViewController.m in Sources */ = {isa = PBXBuildFile; fileRef = 848845071C20941D00242F17 /* SongListViewController.m */; };
		8488450B1C20941D00242F17 /* Constant.m in Sources */ = {isa = PBXBuildFile; fileRef = 8488450A1C20941D00242F17 /* Constant.m */; };
		848845241C20941D00242F17 /* 1.png in Resources */ = {isa = PBXBuildFile; fileRef = 8488451D1C20941D00242F17 /* 1.png */; };
		848845251C20941D00242F17 /* v1.png in Resources */ = {isa = PBXBuildFile; fileRef = 8488451E1C20941D00242F17 /* v1.png */; };
		848845261C20941D00242F17 /* v2.png in Resources */ = {isa = PBXBuildFile; fileRef = 8488451F1C20941D00242F17 /* v2.png */; };
		848845271C20941D00242F17 /* v3.png in Resources */ = {isa = PBXBuildFile; fileRef = 848845201C20941D00242F17 /* v3.png */; };
		848845281C20941D00242F17 /* v4.png in Resources */ = {isa = PBXBuildFile; fileRef = 848845211C20941D00242F17 /* v4.png */; };
		848845291C20941D00242F17 /* v5.png in Resources */ = {isa = PBXBuildFile; fileRef = 848845221C20941D00242F17 /* v5.png */; };
		848858801C1C390A00992588 /* images1.jpeg in Resources */ = {isa = PBXBuildFile; fileRef = 8488587E1C1C390A00992588 /* images1.jpeg */; };
		848858811C1C390A00992588 /* images2.jpeg in Resources */ = {isa = PBXBuildFile; fileRef = 8488587F1C1C390A00992588 /* images2.jpeg */; };
		848858841C1C393000992588 /* SingerTableViewController.m in Sources */ = {isa = PBXBuildFile; fileRef = 848858831C1C393000992588 /* SingerTableViewController.m */; };
		8488588C1C1C43A200992588 /* bai tap dua xe.pdf in Resources */ = {isa = PBXBuildFile; fileRef = 848858861C1C43A200992588 /* bai tap dua xe.pdf */; };
		8488588D1C1C43A200992588 /* dh.pdf in Resources */ = {isa = PBXBuildFile; fileRef = 848858871C1C43A200992588 /* dh.pdf */; };
		8488588E1C1C43A200992588 /* dua xe.rtf in Resources */ = {isa = PBXBuildFile; fileRef = 848858881C1C43A200992588 /* dua xe.rtf */; };
		8488588F1C1C43A200992588 /* lab.pdf in Resources */ = {isa = PBXBuildFile; fileRef = 848858891C1C43A200992588 /* lab.pdf */; };
		848858901C1C43A200992588 /* mt.pdf in Resources */ = {isa = PBXBuildFile; fileRef = 8488588A1C1C43A200992588 /* mt.pdf */; };
		848858911C1C43A200992588 /* nsstring.pdf in Resources */ = {isa = PBXBuildFile; fileRef = 8488588B1C1C43A200992588 /* nsstring.pdf */; };
		848858941C1C47D200992588 /* GetDataViewController.m in Sources */ = {isa = PBXBuildFile; fileRef = 848858931C1C47D200992588 /* GetDataViewController.m */; };
		8495A1F21C47B58F00639857 /*  1.png in Resources */ = {isa = PBXBuildFile; fileRef = 8495A1EC1C47B58F00639857 /*  1.png */; };
		8495A1F31C47B58F00639857 /*  2.png in Resources */ = {isa = PBXBuildFile; fileRef = 8495A1ED1C47B58F00639857 /*  2.png */; };
		8495A1F41C47B58F00639857 /* .com.apple.timemachine.supported in Resources */ = {isa = PBXBuildFile; fileRef = 8495A1EE1C47B58F00639857 /* .com.apple.timemachine.supported */; };
		8495A1F51C47B58F00639857 /* 4.png in Resources */ = {isa = PBXBuildFile; fileRef = 8495A1EF1C47B58F00639857 /* 4.png */; };
		8495A1F61C47B58F00639857 /* cell_coll.rtfd in Resources */ = {isa = PBXBuildFile; fileRef = 8495A1F01C47B58F00639857 /* cell_coll.rtfd */; };
		8495A1F71C47B58F00639857 /* collecionview_Change_cell.pdf in Resources */ = {isa = PBXBuildFile; fileRef = 8495A1F11C47B58F00639857 /* collecionview_Change_cell.pdf */; };
		8495A1FB1C47B91E00639857 /* ImageCollectionViewController.m in Sources */ = {isa = PBXBuildFile; fileRef = 8495A1FA1C47B91E00639857 /* ImageCollectionViewController.m */; };
		84F0C7291C4E5778009A01AD /* AudioViewController.m in Sources */ = {isa = PBXBuildFile; fileRef = 84F0C7281C4E5778009A01AD /* AudioViewController.m */; };
		84F0C72C1C4E58F6009A01AD /* Ve Day Em Remix - Bang Chau Tran.mp3 in Resources */ = {isa = PBXBuildFile; fileRef = 84F0C72B1C4E58F6009A01AD /* Ve Day Em Remix - Bang Chau Tran.mp3 */; };
		84F0C72E1C4E5919009A01AD /* SampleVideo_640x360_20mb.mp4 in Resources */ = {isa = PBXBuildFile; fileRef = 84F0C72D1C4E5919009A01AD /* SampleVideo_640x360_20mb.mp4 */; };
		84F0C7301C4E5C84009A01AD /* AVFoundation.framework in Frameworks */ = {isa = PBXBuildFile; fileRef = 84F0C72F1C4E5C84009A01AD /* AVFoundation.framework */; };
		84F4A5581C19912F002E292A /* MapKit.framework in Frameworks */ = {isa = PBXBuildFile; fileRef = 84F4A5571C19912F002E292A /* MapKit.framework */; };
		84F4A55A1C199137002E292A /* CoreLocation.framework in Frameworks */ = {isa = PBXBuildFile; fileRef = 84F4A5591C199137002E292A /* CoreLocation.framework */; };
		84F4A55D1C1991CE002E292A /* MapAnnotation.m in Sources */ = {isa = PBXBuildFile; fileRef = 84F4A55C1C1991CE002E292A /* MapAnnotation.m */; };
		84F4A5601C19A232002E292A /* TopHitTableViewController.m in Sources */ = {isa = PBXBuildFile; fileRef = 84F4A55F1C19A232002E292A /* TopHitTableViewController.m */; };
		84F7AF6C1C35412F0024C982 /* bai tap cuu chuong.pdf in Resources */ = {isa = PBXBuildFile; fileRef = 84F7AF6B1C35412F0024C982 /* bai tap cuu chuong.pdf */; };
		84FA40291C41238800D1BCB3 /* lab tim kiem.pdf in Resources */ = {isa = PBXBuildFile; fileRef = 84FA40281C41238800D1BCB3 /* lab tim kiem.pdf */; };
		84FD36731C3E7ECA005BE592 /* Sections.pdf in Resources */ = {isa = PBXBuildFile; fileRef = 84FD36721C3E7ECA005BE592 /* Sections.pdf */; };
		84FD36771C3E7FA4005BE592 /* MultiSectionTableViewController.m in Sources */ = {isa = PBXBuildFile; fileRef = 84FD36761C3E7FA4005BE592 /* MultiSectionTableViewController.m */; };
		84FD36791C3E866C005BE592 /* Tìm Kiếm.pdf in Resources */ = {isa = PBXBuildFile; fileRef = 84FD36781C3E866B005BE592 /* Tìm Kiếm.pdf */; };
		84FD5FE21C13049000B4B703 /* main.m in Sources */ = {isa = PBXBuildFile; fileRef = 84FD5FE11C13049000B4B703 /* main.m */; };
		84FD5FE51C13049000B4B703 /* AppDelegate.m in Sources */ = {isa = PBXBuildFile; fileRef = 84FD5FE41C13049000B4B703 /* AppDelegate.m */; };
		84FD5FE81C13049000B4B703 /* ViewController.m in Sources */ = {isa = PBXBuildFile; fileRef = 84FD5FE71C13049000B4B703 /* ViewController.m */; };
		84FD5FEB1C13049100B4B703 /* Main.storyboard in Resources */ = {isa = PBXBuildFile; fileRef = 84FD5FE91C13049100B4B703 /* Main.storyboard */; };
		84FD5FED1C13049100B4B703 /* Images.xcassets in Resources */ = {isa = PBXBuildFile; fileRef = 84FD5FEC1C13049100B4B703 /* Images.xcassets */; };
		84FD5FF01C13049100B4B703 /* LaunchScreen.xib in Resources */ = {isa = PBXBuildFile; fileRef = 84FD5FEE1C13049100B4B703 /* LaunchScreen.xib */; };
		84FD5FFC1C13049100B4B703 /* iOSStudyTests.m in Sources */ = {isa = PBXBuildFile; fileRef = 84FD5FFB1C13049100B4B703 /* iOSStudyTests.m */; };
		84FD60061C1306A600B4B703 /* File in Resources */ = {isa = PBXBuildFile; fileRef = 84FD60051C1306A600B4B703 /* File */; };
/* End PBXBuildFile section */

/* Begin PBXContainerItemProxy section */
		84FD5FF61C13049100B4B703 /* PBXContainerItemProxy */ = {
			isa = PBXContainerItemProxy;
			containerPortal = 84FD5FD41C13049000B4B703 /* Project object */;
			proxyType = 1;
			remoteGlobalIDString = 84FD5FDB1C13049000B4B703;
			remoteInfo = iOSStudy;
		};
/* End PBXContainerItemProxy section */

/* Begin PBXFileReference section */
		84074E451C3BD63B0056CDD2 /* PHAN 1.pdf */ = {isa = PBXFileReference; lastKnownFileType = image.pdf; path = "PHAN 1.pdf"; sourceTree = "<group>"; };
		84074E461C3BD63B0056CDD2 /* PHAN 2.pdf */ = {isa = PBXFileReference; lastKnownFileType = image.pdf; path = "PHAN 2.pdf"; sourceTree = "<group>"; };
		84074E4A1C3BD9FE0056CDD2 /* CustomTableViewController.h */ = {isa = PBXFileReference; fileEncoding = 4; lastKnownFileType = sourcecode.c.h; path = CustomTableViewController.h; sourceTree = "<group>"; };
		84074E4B1C3BD9FE0056CDD2 /* CustomTableViewController.m */ = {isa = PBXFileReference; fileEncoding = 4; lastKnownFileType = sourcecode.c.objc; path = CustomTableViewController.m; sourceTree = "<group>"; };
		84074E4D1C3BDA680056CDD2 /* tree-oak.jpg */ = {isa = PBXFileReference; lastKnownFileType = image.jpeg; path = "tree-oak.jpg"; sourceTree = "<group>"; };
		84074E501C3BDE960056CDD2 /* CustomTableCell.xib */ = {isa = PBXFileReference; fileEncoding = 4; lastKnownFileType = file.xib; path = CustomTableCell.xib; sourceTree = "<group>"; };
		84074E521C3BDF5B0056CDD2 /* CustomTableViewCell.h */ = {isa = PBXFileReference; fileEncoding = 4; lastKnownFileType = sourcecode.c.h; path = CustomTableViewCell.h; sourceTree = "<group>"; };
		84074E531C3BDF5B0056CDD2 /* CustomTableViewCell.m */ = {isa = PBXFileReference; fileEncoding = 4; lastKnownFileType = sourcecode.c.objc; path = CustomTableViewCell.m; sourceTree = "<group>"; };
		84074E551C3BE5AC0056CDD2 /* tableview.rtf */ = {isa = PBXFileReference; fileEncoding = 4; lastKnownFileType = text.rtf; path = tableview.rtf; sourceTree = "<group>"; };
		842E3C0F1C451D5A00DE7E65 /* bai tap jackbot.pdf */ = {isa = PBXFileReference; lastKnownFileType = image.pdf; path = "bai tap jackbot.pdf"; sourceTree = "<group>"; };
		842E3C1D1C4527C700DE7E65 /* apple.jpg */ = {isa = PBXFileReference; lastKnownFileType = image.jpeg; path = apple.jpg; sourceTree = "<group>"; };
		842E3C1E1C4527C700DE7E65 /* cherry.png */ = {isa = PBXFileReference; lastKnownFileType = image.png; path = cherry.png; sourceTree = "<group>"; };
		842E3C1F1C4527C700DE7E65 /* dollar.jpg */ = {isa = PBXFileReference; lastKnownFileType = image.jpeg; path = dollar.jpg; sourceTree = "<group>"; };
		842E3C201C4527C700DE7E65 /* seven.png */ = {isa = PBXFileReference; lastKnownFileType = image.png; path = seven.png; sourceTree = "<group>"; };
		848845061C20941D00242F17 /* SongListViewController.h */ = {isa = PBXFileReference; fileEncoding = 4; lastKnownFileType = sourcecode.c.h; path = SongListViewController.h; sourceTree = "<group>"; };
		848845071C20941D00242F17 /* SongListViewController.m */ = {isa = PBXFileReference; fileEncoding = 4; lastKnownFileType = sourcecode.c.objc; path = SongListViewController.m; sourceTree = "<group>"; };
		848845091C20941D00242F17 /* Constant.h */ = {isa = PBXFileReference; lastKnownFileType = sourcecode.c.h; path = Constant.h; sourceTree = "<group>"; };
		8488450A1C20941D00242F17 /* Constant.m */ = {isa = PBXFileReference; fileEncoding = 4; lastKnownFileType = sourcecode.c.objc; path = Constant.m; sourceTree = "<group>"; };
		8488451D1C20941D00242F17 /* 1.png */ = {isa = PBXFileReference; lastKnownFileType = image.png; path = 1.png; sourceTree = "<group>"; };
		8488451E1C20941D00242F17 /* v1.png */ = {isa = PBXFileReference; lastKnownFileType = image.png; path = v1.png; sourceTree = "<group>"; };
		8488451F1C20941D00242F17 /* v2.png */ = {isa = PBXFileReference; lastKnownFileType = image.png; path = v2.png; sourceTree = "<group>"; };
		848845201C20941D00242F17 /* v3.png */ = {isa = PBXFileReference; lastKnownFileType = image.png; path = v3.png; sourceTree = "<group>"; };
		848845211C20941D00242F17 /* v4.png */ = {isa = PBXFileReference; lastKnownFileType = image.png; path = v4.png; sourceTree = "<group>"; };
		848845221C20941D00242F17 /* v5.png */ = {isa = PBXFileReference; lastKnownFileType = image.png; path = v5.png; sourceTree = "<group>"; };
		8488587E1C1C390A00992588 /* images1.jpeg */ = {isa = PBXFileReference; lastKnownFileType = image.jpeg; path = images1.jpeg; sourceTree = "<group>"; };
		8488587F1C1C390A00992588 /* images2.jpeg */ = {isa = PBXFileReference; lastKnownFileType = image.jpeg; path = images2.jpeg; sourceTree = "<group>"; };
		848858821C1C393000992588 /* SingerTableViewController.h */ = {isa = PBXFileReference; fileEncoding = 4; lastKnownFileType = sourcecode.c.h; path = SingerTableViewController.h; sourceTree = "<group>"; };
		848858831C1C393000992588 /* SingerTableViewController.m */ = {isa = PBXFileReference; fileEncoding = 4; lastKnownFileType = sourcecode.c.objc; path = SingerTableViewController.m; sourceTree = "<group>"; };
		848858861C1C43A200992588 /* bai tap dua xe.pdf */ = {isa = PBXFileReference; lastKnownFileType = image.pdf; path = "bai tap dua xe.pdf"; sourceTree = "<group>"; };
		848858871C1C43A200992588 /* dh.pdf */ = {isa = PBXFileReference; lastKnownFileType = image.pdf; path = dh.pdf; sourceTree = "<group>"; };
		848858881C1C43A200992588 /* dua xe.rtf */ = {isa = PBXFileReference; fileEncoding = 4; lastKnownFileType = text.rtf; path = "dua xe.rtf"; sourceTree = "<group>"; };
		848858891C1C43A200992588 /* lab.pdf */ = {isa = PBXFileReference; lastKnownFileType = image.pdf; path = lab.pdf; sourceTree = "<group>"; };
		8488588A1C1C43A200992588 /* mt.pdf */ = {isa = PBXFileReference; lastKnownFileType = image.pdf; path = mt.pdf; sourceTree = "<group>"; };
		8488588B1C1C43A200992588 /* nsstring.pdf */ = {isa = PBXFileReference; lastKnownFileType = image.pdf; path = nsstring.pdf; sourceTree = "<group>"; };
		848858921C1C47D200992588 /* GetDataViewController.h */ = {isa = PBXFileReference; fileEncoding = 4; lastKnownFileType = sourcecode.c.h; path = GetDataViewController.h; sourceTree = "<group>"; };
		848858931C1C47D200992588 /* GetDataViewController.m */ = {isa = PBXFileReference; fileEncoding = 4; lastKnownFileType = sourcecode.c.objc; path = GetDataViewController.m; sourceTree = "<group>"; };
		8495A1EC1C47B58F00639857 /*  1.png */ = {isa = PBXFileReference; lastKnownFileType = image.png; path = " 1.png"; sourceTree = "<group>"; };
		8495A1ED1C47B58F00639857 /*  2.png */ = {isa = PBXFileReference; lastKnownFileType = image.png; path = " 2.png"; sourceTree = "<group>"; };
		8495A1EE1C47B58F00639857 /* .com.apple.timemachine.supported */ = {isa = PBXFileReference; fileEncoding = 4; lastKnownFileType = text; path = .com.apple.timemachine.supported; sourceTree = "<group>"; };
		8495A1EF1C47B58F00639857 /* 4.png */ = {isa = PBXFileReference; lastKnownFileType = image.png; path = 4.png; sourceTree = "<group>"; };
		8495A1F01C47B58F00639857 /* cell_coll.rtfd */ = {isa = PBXFileReference; lastKnownFileType = wrapper.rtfd; path = cell_coll.rtfd; sourceTree = "<group>"; };
		8495A1F11C47B58F00639857 /* collecionview_Change_cell.pdf */ = {isa = PBXFileReference; lastKnownFileType = image.pdf; path = collecionview_Change_cell.pdf; sourceTree = "<group>"; };
		8495A1F91C47B91E00639857 /* ImageCollectionViewController.h */ = {isa = PBXFileReference; fileEncoding = 4; lastKnownFileType = sourcecode.c.h; path = ImageCollectionViewController.h; sourceTree = "<group>"; };
		8495A1FA1C47B91E00639857 /* ImageCollectionViewController.m */ = {isa = PBXFileReference; fileEncoding = 4; lastKnownFileType = sourcecode.c.objc; path = ImageCollectionViewController.m; sourceTree = "<group>"; };
		84F0C7271C4E5778009A01AD /* AudioViewController.h */ = {isa = PBXFileReference; fileEncoding = 4; lastKnownFileType = sourcecode.c.h; path = AudioViewController.h; sourceTree = "<group>"; };
		84F0C7281C4E5778009A01AD /* AudioViewController.m */ = {isa = PBXFileReference; fileEncoding = 4; lastKnownFileType = sourcecode.c.objc; path = AudioViewController.m; sourceTree = "<group>"; };
		84F0C72B1C4E58F6009A01AD /* Ve Day Em Remix - Bang Chau Tran.mp3 */ = {isa = PBXFileReference; lastKnownFileType = audio.mp3; path = "Ve Day Em Remix - Bang Chau Tran.mp3"; sourceTree = "<group>"; };
		84F0C72D1C4E5919009A01AD /* SampleVideo_640x360_20mb.mp4 */ = {isa = PBXFileReference; lastKnownFileType = file; path = SampleVideo_640x360_20mb.mp4; sourceTree = "<group>"; };
		84F0C72F1C4E5C84009A01AD /* AVFoundation.framework */ = {isa = PBXFileReference; lastKnownFileType = wrapper.framework; name = AVFoundation.framework; path = System/Library/Frameworks/AVFoundation.framework; sourceTree = SDKROOT; };
		84F4A5571C19912F002E292A /* MapKit.framework */ = {isa = PBXFileReference; lastKnownFileType = wrapper.framework; name = MapKit.framework; path = System/Library/Frameworks/MapKit.framework; sourceTree = SDKROOT; };
		84F4A5591C199137002E292A /* CoreLocation.framework */ = {isa = PBXFileReference; lastKnownFileType = wrapper.framework; name = CoreLocation.framework; path = System/Library/Frameworks/CoreLocation.framework; sourceTree = SDKROOT; };
		84F4A55B1C1991CE002E292A /* MapAnnotation.h */ = {isa = PBXFileReference; fileEncoding = 4; lastKnownFileType = sourcecode.c.h; path = MapAnnotation.h; sourceTree = "<group>"; };
		84F4A55C1C1991CE002E292A /* MapAnnotation.m */ = {isa = PBXFileReference; fileEncoding = 4; lastKnownFileType = sourcecode.c.objc; path = MapAnnotation.m; sourceTree = "<group>"; };
		84F4A55E1C19A232002E292A /* TopHitTableViewController.h */ = {isa = PBXFileReference; fileEncoding = 4; lastKnownFileType = sourcecode.c.h; path = TopHitTableViewController.h; sourceTree = "<group>"; };
		84F4A55F1C19A232002E292A /* TopHitTableViewController.m */ = {isa = PBXFileReference; fileEncoding = 4; lastKnownFileType = sourcecode.c.objc; path = TopHitTableViewController.m; sourceTree = "<group>"; };
		84F7AF6B1C35412F0024C982 /* bai tap cuu chuong.pdf */ = {isa = PBXFileReference; lastKnownFileType = image.pdf; path = "bai tap cuu chuong.pdf"; sourceTree = "<group>"; };
		84FA40281C41238800D1BCB3 /* lab tim kiem.pdf */ = {isa = PBXFileReference; lastKnownFileType = image.pdf; path = "lab tim kiem.pdf"; sourceTree = "<group>"; };
		84FD36721C3E7ECA005BE592 /* Sections.pdf */ = {isa = PBXFileReference; lastKnownFileType = image.pdf; path = Sections.pdf; sourceTree = "<group>"; };
		84FD36751C3E7FA4005BE592 /* MultiSectionTableViewController.h */ = {isa = PBXFileReference; fileEncoding = 4; lastKnownFileType = sourcecode.c.h; path = MultiSectionTableViewController.h; sourceTree = "<group>"; };
		84FD36761C3E7FA4005BE592 /* MultiSectionTableViewController.m */ = {isa = PBXFileReference; fileEncoding = 4; lastKnownFileType = sourcecode.c.objc; path = MultiSectionTableViewController.m; sourceTree = "<group>"; };
		84FD36781C3E866B005BE592 /* Tìm Kiếm.pdf */ = {isa = PBXFileReference; lastKnownFileType = image.pdf; path = "Tìm Kiếm.pdf"; sourceTree = "<group>"; };
		84FD5FDC1C13049000B4B703 /* iOSStudy.app */ = {isa = PBXFileReference; explicitFileType = wrapper.application; includeInIndex = 0; path = iOSStudy.app; sourceTree = BUILT_PRODUCTS_DIR; };
		84FD5FE01C13049000B4B703 /* Info.plist */ = {isa = PBXFileReference; lastKnownFileType = text.plist.xml; path = Info.plist; sourceTree = "<group>"; };
		84FD5FE11C13049000B4B703 /* main.m */ = {isa = PBXFileReference; lastKnownFileType = sourcecode.c.objc; path = main.m; sourceTree = "<group>"; };
		84FD5FE31C13049000B4B703 /* AppDelegate.h */ = {isa = PBXFileReference; lastKnownFileType = sourcecode.c.h; path = AppDelegate.h; sourceTree = "<group>"; };
		84FD5FE41C13049000B4B703 /* AppDelegate.m */ = {isa = PBXFileReference; lastKnownFileType = sourcecode.c.objc; path = AppDelegate.m; sourceTree = "<group>"; };
		84FD5FE61C13049000B4B703 /* ViewController.h */ = {isa = PBXFileReference; lastKnownFileType = sourcecode.c.h; path = ViewController.h; sourceTree = "<group>"; };
		84FD5FE71C13049000B4B703 /* ViewController.m */ = {isa = PBXFileReference; lastKnownFileType = sourcecode.c.objc; path = ViewController.m; sourceTree = "<group>"; };
		84FD5FEA1C13049100B4B703 /* Base */ = {isa = PBXFileReference; lastKnownFileType = file.storyboard; name = Base; path = Base.lproj/Main.storyboard; sourceTree = "<group>"; };
		84FD5FEC1C13049100B4B703 /* Images.xcassets */ = {isa = PBXFileReference; lastKnownFileType = folder.assetcatalog; path = Images.xcassets; sourceTree = "<group>"; };
		84FD5FEF1C13049100B4B703 /* Base */ = {isa = PBXFileReference; lastKnownFileType = file.xib; name = Base; path = Base.lproj/LaunchScreen.xib; sourceTree = "<group>"; };
		84FD5FF51C13049100B4B703 /* iOSStudyTests.xctest */ = {isa = PBXFileReference; explicitFileType = wrapper.cfbundle; includeInIndex = 0; path = iOSStudyTests.xctest; sourceTree = BUILT_PRODUCTS_DIR; };
		84FD5FFA1C13049100B4B703 /* Info.plist */ = {isa = PBXFileReference; lastKnownFileType = text.plist.xml; path = Info.plist; sourceTree = "<group>"; };
		84FD5FFB1C13049100B4B703 /* iOSStudyTests.m */ = {isa = PBXFileReference; lastKnownFileType = sourcecode.c.objc; path = iOSStudyTests.m; sourceTree = "<group>"; };
		84FD60051C1306A600B4B703 /* File */ = {isa = PBXFileReference; fileEncoding = 4; lastKnownFileType = text; path = File; sourceTree = "<group>"; };
/* End PBXFileReference section */

/* Begin PBXFrameworksBuildPhase section */
		84FD5FD91C13049000B4B703 /* Frameworks */ = {
			isa = PBXFrameworksBuildPhase;
			buildActionMask = 2147483647;
			files = (
				84F0C7301C4E5C84009A01AD /* AVFoundation.framework in Frameworks */,
				84F4A55A1C199137002E292A /* CoreLocation.framework in Frameworks */,
				84F4A5581C19912F002E292A /* MapKit.framework in Frameworks */,
			);
			runOnlyForDeploymentPostprocessing = 0;
		};
		84FD5FF21C13049100B4B703 /* Frameworks */ = {
			isa = PBXFrameworksBuildPhase;
			buildActionMask = 2147483647;
			files = (
			);
			runOnlyForDeploymentPostprocessing = 0;
		};
/* End PBXFrameworksBuildPhase section */

/* Begin PBXGroup section */
		84074E491C3BD8F40056CDD2 /* CustomTableCell */ = {
			isa = PBXGroup;
			children = (
				84074E4A1C3BD9FE0056CDD2 /* CustomTableViewController.h */,
				84074E4B1C3BD9FE0056CDD2 /* CustomTableViewController.m */,
				84074E501C3BDE960056CDD2 /* CustomTableCell.xib */,
				84074E521C3BDF5B0056CDD2 /* CustomTableViewCell.h */,
				84074E531C3BDF5B0056CDD2 /* CustomTableViewCell.m */,
			);
			name = CustomTableCell;
			sourceTree = "<group>";
		};
		84074E4F1C3BDA6C0056CDD2 /* img */ = {
			isa = PBXGroup;
			children = (
				842E3C1D1C4527C700DE7E65 /* apple.jpg */,
				842E3C1E1C4527C700DE7E65 /* cherry.png */,
				842E3C1F1C4527C700DE7E65 /* dollar.jpg */,
				842E3C201C4527C700DE7E65 /* seven.png */,
				8488587E1C1C390A00992588 /* images1.jpeg */,
				8488587F1C1C390A00992588 /* images2.jpeg */,
				84074E4D1C3BDA680056CDD2 /* tree-oak.jpg */,
			);
			name = img;
			sourceTree = "<group>";
		};
		8488451B1C20941D00242F17 /* 15Dec2015 */ = {
			isa = PBXGroup;
			children = (
				8488451D1C20941D00242F17 /* 1.png */,
				8488451E1C20941D00242F17 /* v1.png */,
				8488451F1C20941D00242F17 /* v2.png */,
				848845201C20941D00242F17 /* v3.png */,
				848845211C20941D00242F17 /* v4.png */,
				848845221C20941D00242F17 /* v5.png */,
			);
			path = 15Dec2015;
			sourceTree = "<group>";
		};
		848858851C1C438900992588 /* docs */ = {
			isa = PBXGroup;
			children = (
				8495A1EB1C47B58F00639857 /* 14_1 */,
				842E3C0F1C451D5A00DE7E65 /* bai tap jackbot.pdf */,
				84FA40281C41238800D1BCB3 /* lab tim kiem.pdf */,
				84FD36781C3E866B005BE592 /* Tìm Kiếm.pdf */,
				84FD36721C3E7ECA005BE592 /* Sections.pdf */,
				84074E551C3BE5AC0056CDD2 /* tableview.rtf */,
				84074E451C3BD63B0056CDD2 /* PHAN 1.pdf */,
				84074E461C3BD63B0056CDD2 /* PHAN 2.pdf */,
				84F7AF6B1C35412F0024C982 /* bai tap cuu chuong.pdf */,
				8488451B1C20941D00242F17 /* 15Dec2015 */,
				848858861C1C43A200992588 /* bai tap dua xe.pdf */,
				848858871C1C43A200992588 /* dh.pdf */,
				848858881C1C43A200992588 /* dua xe.rtf */,
				848858891C1C43A200992588 /* lab.pdf */,
				8488588A1C1C43A200992588 /* mt.pdf */,
				8488588B1C1C43A200992588 /* nsstring.pdf */,
			);
			name = docs;
			sourceTree = "<group>";
		};
		848CF9E31C16EE4000CDBBF6 /* Views */ = {
			isa = PBXGroup;
			children = (
				848858821C1C393000992588 /* SingerTableViewController.h */,
				848858831C1C393000992588 /* SingerTableViewController.m */,
				84FD5FE91C13049100B4B703 /* Main.storyboard */,
				848845061C20941D00242F17 /* SongListViewController.h */,
				848845071C20941D00242F17 /* SongListViewController.m */,
				848858921C1C47D200992588 /* GetDataViewController.h */,
				848858931C1C47D200992588 /* GetDataViewController.m */,
				84F4A55E1C19A232002E292A /* TopHitTableViewController.h */,
				84F4A55F1C19A232002E292A /* TopHitTableViewController.m */,
				84F4A55B1C1991CE002E292A /* MapAnnotation.h */,
				84F4A55C1C1991CE002E292A /* MapAnnotation.m */,
			);
			name = Views;
			sourceTree = "<group>";
		};
		8495A1EB1C47B58F00639857 /* 14_1 */ = {
			isa = PBXGroup;
			children = (
				8495A1EC1C47B58F00639857 /*  1.png */,
				8495A1ED1C47B58F00639857 /*  2.png */,
				8495A1EE1C47B58F00639857 /* .com.apple.timemachine.supported */,
				8495A1EF1C47B58F00639857 /* 4.png */,
				8495A1F01C47B58F00639857 /* cell_coll.rtfd */,
				8495A1F11C47B58F00639857 /* collecionview_Change_cell.pdf */,
			);
			path = 14_1;
			sourceTree = "<group>";
		};
		8495A1F81C47B8FA00639857 /* CollectionViewController */ = {
			isa = PBXGroup;
			children = (
				8495A1F91C47B91E00639857 /* ImageCollectionViewController.h */,
				8495A1FA1C47B91E00639857 /* ImageCollectionViewController.m */,
			);
			name = CollectionViewController;
			sourceTree = "<group>";
		};
		84F0C7261C4E5756009A01AD /* AudioVideo */ = {
			isa = PBXGroup;
			children = (
				84F0C7271C4E5778009A01AD /* AudioViewController.h */,
				84F0C7281C4E5778009A01AD /* AudioViewController.m */,
			);
			name = AudioVideo;
			sourceTree = "<group>";
		};
		84F0C72A1C4E58C8009A01AD /* multi */ = {
			isa = PBXGroup;
			children = (
				84F0C72D1C4E5919009A01AD /* SampleVideo_640x360_20mb.mp4 */,
				84F0C72B1C4E58F6009A01AD /* Ve Day Em Remix - Bang Chau Tran.mp3 */,
			);
			name = multi;
			sourceTree = "<group>";
		};
		84FD36741C3E7F7F005BE592 /* TableView3Sections */ = {
			isa = PBXGroup;
			children = (
				84FD36751C3E7FA4005BE592 /* MultiSectionTableViewController.h */,
				84FD36761C3E7FA4005BE592 /* MultiSectionTableViewController.m */,
			);
			name = TableView3Sections;
			sourceTree = "<group>";
		};
		84FD5FD31C13049000B4B703 = {
			isa = PBXGroup;
			children = (
				84F0C72F1C4E5C84009A01AD /* AVFoundation.framework */,
				84F4A5591C199137002E292A /* CoreLocation.framework */,
				84F4A5571C19912F002E292A /* MapKit.framework */,
				84FD5FDE1C13049000B4B703 /* iOSStudy */,
				84FD5FF81C13049100B4B703 /* iOSStudyTests */,
				84FD5FDD1C13049000B4B703 /* Products */,
			);
			sourceTree = "<group>";
		};
		84FD5FDD1C13049000B4B703 /* Products */ = {
			isa = PBXGroup;
			children = (
				84FD5FDC1C13049000B4B703 /* iOSStudy.app */,
				84FD5FF51C13049100B4B703 /* iOSStudyTests.xctest */,
			);
			name = Products;
			sourceTree = "<group>";
		};
		84FD5FDE1C13049000B4B703 /* iOSStudy */ = {
			isa = PBXGroup;
			children = (
				84F0C7261C4E5756009A01AD /* AudioVideo */,
				8495A1F81C47B8FA00639857 /* CollectionViewController */,
				84FD36741C3E7F7F005BE592 /* TableView3Sections */,
				84074E491C3BD8F40056CDD2 /* CustomTableCell */,
				848CF9E31C16EE4000CDBBF6 /* Views */,
				84FD5FE31C13049000B4B703 /* AppDelegate.h */,
				84FD5FE41C13049000B4B703 /* AppDelegate.m */,
				84FD5FE61C13049000B4B703 /* ViewController.h */,
				84FD5FE71C13049000B4B703 /* ViewController.m */,
				84FD5FEC1C13049100B4B703 /* Images.xcassets */,
				84FD5FEE1C13049100B4B703 /* LaunchScreen.xib */,
				84FD5FDF1C13049000B4B703 /* Supporting Files */,
				848845091C20941D00242F17 /* Constant.h */,
				8488450A1C20941D00242F17 /* Constant.m */,
			);
			path = iOSStudy;
			sourceTree = "<group>";
		};
		84FD5FDF1C13049000B4B703 /* Supporting Files */ = {
			isa = PBXGroup;
			children = (
				84F0C72A1C4E58C8009A01AD /* multi */,
				84074E4F1C3BDA6C0056CDD2 /* img */,
				848858851C1C438900992588 /* docs */,
				84FD5FE01C13049000B4B703 /* Info.plist */,
				84FD5FE11C13049000B4B703 /* main.m */,
				84FD60051C1306A600B4B703 /* File */,
			);
			name = "Supporting Files";
			sourceTree = "<group>";
		};
		84FD5FF81C13049100B4B703 /* iOSStudyTests */ = {
			isa = PBXGroup;
			children = (
				84FD5FFB1C13049100B4B703 /* iOSStudyTests.m */,
				84FD5FF91C13049100B4B703 /* Supporting Files */,
			);
			path = iOSStudyTests;
			sourceTree = "<group>";
		};
		84FD5FF91C13049100B4B703 /* Supporting Files */ = {
			isa = PBXGroup;
			children = (
				84FD5FFA1C13049100B4B703 /* Info.plist */,
			);
			name = "Supporting Files";
			sourceTree = "<group>";
		};
/* End PBXGroup section */

/* Begin PBXNativeTarget section */
		84FD5FDB1C13049000B4B703 /* iOSStudy */ = {
			isa = PBXNativeTarget;
			buildConfigurationList = 84FD5FFF1C13049100B4B703 /* Build configuration list for PBXNativeTarget "iOSStudy" */;
			buildPhases = (
				84FD5FD81C13049000B4B703 /* Sources */,
				84FD5FD91C13049000B4B703 /* Frameworks */,
				84FD5FDA1C13049000B4B703 /* Resources */,
			);
			buildRules = (
			);
			dependencies = (
			);
			name = iOSStudy;
			productName = iOSStudy;
			productReference = 84FD5FDC1C13049000B4B703 /* iOSStudy.app */;
			productType = "com.apple.product-type.application";
		};
		84FD5FF41C13049100B4B703 /* iOSStudyTests */ = {
			isa = PBXNativeTarget;
			buildConfigurationList = 84FD60021C13049100B4B703 /* Build configuration list for PBXNativeTarget "iOSStudyTests" */;
			buildPhases = (
				84FD5FF11C13049100B4B703 /* Sources */,
				84FD5FF21C13049100B4B703 /* Frameworks */,
				84FD5FF31C13049100B4B703 /* Resources */,
			);
			buildRules = (
			);
			dependencies = (
				84FD5FF71C13049100B4B703 /* PBXTargetDependency */,
			);
			name = iOSStudyTests;
			productName = iOSStudyTests;
			productReference = 84FD5FF51C13049100B4B703 /* iOSStudyTests.xctest */;
			productType = "com.apple.product-type.bundle.unit-test";
		};
/* End PBXNativeTarget section */

/* Begin PBXProject section */
		84FD5FD41C13049000B4B703 /* Project object */ = {
			isa = PBXProject;
			attributes = {
				LastUpgradeCheck = 0610;
				ORGANIZATIONNAME = OrganizationName;
				TargetAttributes = {
					84FD5FDB1C13049000B4B703 = {
						CreatedOnToolsVersion = 6.1.1;
					};
					84FD5FF41C13049100B4B703 = {
						CreatedOnToolsVersion = 6.1.1;
						TestTargetID = 84FD5FDB1C13049000B4B703;
					};
				};
			};
			buildConfigurationList = 84FD5FD71C13049000B4B703 /* Build configuration list for PBXProject "iOSStudy" */;
			compatibilityVersion = "Xcode 3.2";
			developmentRegion = English;
			hasScannedForEncodings = 0;
			knownRegions = (
				en,
				Base,
			);
			mainGroup = 84FD5FD31C13049000B4B703;
			productRefGroup = 84FD5FDD1C13049000B4B703 /* Products */;
			projectDirPath = "";
			projectRoot = "";
			targets = (
				84FD5FDB1C13049000B4B703 /* iOSStudy */,
				84FD5FF41C13049100B4B703 /* iOSStudyTests */,
			);
		};
/* End PBXProject section */

/* Begin PBXResourcesBuildPhase section */
		84FD5FDA1C13049000B4B703 /* Resources */ = {
			isa = PBXResourcesBuildPhase;
			buildActionMask = 2147483647;
			files = (
				8495A1F51C47B58F00639857 /* 4.png in Resources */,
				84FD36731C3E7ECA005BE592 /* Sections.pdf in Resources */,
				842E3C231C4527C700DE7E65 /* dollar.jpg in Resources */,
				848858901C1C43A200992588 /* mt.pdf in Resources */,
				842E3C101C451D5A00DE7E65 /* bai tap jackbot.pdf in Resources */,
				848845261C20941D00242F17 /* v2.png in Resources */,
				8495A1F61C47B58F00639857 /* cell_coll.rtfd in Resources */,
				848845271C20941D00242F17 /* v3.png in Resources */,
				84074E511C3BDE960056CDD2 /* CustomTableCell.xib in Resources */,
				84074E481C3BD63B0056CDD2 /* PHAN 2.pdf in Resources */,
				842E3C211C4527C700DE7E65 /* apple.jpg in Resources */,
				8488588C1C1C43A200992588 /* bai tap dua xe.pdf in Resources */,
				848858811C1C390A00992588 /* images2.jpeg in Resources */,
				8488588D1C1C43A200992588 /* dh.pdf in Resources */,
				848858911C1C43A200992588 /* nsstring.pdf in Resources */,
				848845281C20941D00242F17 /* v4.png in Resources */,
				84074E561C3BE5AC0056CDD2 /* tableview.rtf in Resources */,
				8495A1F41C47B58F00639857 /* .com.apple.timemachine.supported in Resources */,
				84FD60061C1306A600B4B703 /* File in Resources */,
				84FA40291C41238800D1BCB3 /* lab tim kiem.pdf in Resources */,
				8495A1F21C47B58F00639857 /*  1.png in Resources */,
				84F7AF6C1C35412F0024C982 /* bai tap cuu chuong.pdf in Resources */,
				84F0C72C1C4E58F6009A01AD /* Ve Day Em Remix - Bang Chau Tran.mp3 in Resources */,
				8495A1F71C47B58F00639857 /* collecionview_Change_cell.pdf in Resources */,
				84074E471C3BD63B0056CDD2 /* PHAN 1.pdf in Resources */,
				848858801C1C390A00992588 /* images1.jpeg in Resources */,
				84FD5FEB1C13049100B4B703 /* Main.storyboard in Resources */,
				8488588E1C1C43A200992588 /* dua xe.rtf in Resources */,
				848845291C20941D00242F17 /* v5.png in Resources */,
				848845251C20941D00242F17 /* v1.png in Resources */,
				84F0C72E1C4E5919009A01AD /* SampleVideo_640x360_20mb.mp4 in Resources */,
				84FD5FF01C13049100B4B703 /* LaunchScreen.xib in Resources */,
				842E3C221C4527C700DE7E65 /* cherry.png in Resources */,
				8495A1F31C47B58F00639857 /*  2.png in Resources */,
				8488588F1C1C43A200992588 /* lab.pdf in Resources */,
				84FD36791C3E866C005BE592 /* Tìm Kiếm.pdf in Resources */,
				84FD5FED1C13049100B4B703 /* Images.xcassets in Resources */,
				842E3C241C4527C700DE7E65 /* seven.png in Resources */,
				848845241C20941D00242F17 /* 1.png in Resources */,
				84074E4E1C3BDA680056CDD2 /* tree-oak.jpg in Resources */,
			);
			runOnlyForDeploymentPostprocessing = 0;
		};
		84FD5FF31C13049100B4B703 /* Resources */ = {
			isa = PBXResourcesBuildPhase;
			buildActionMask = 2147483647;
			files = (
			);
			runOnlyForDeploymentPostprocessing = 0;
		};
/* End PBXResourcesBuildPhase section */

/* Begin PBXSourcesBuildPhase section */
		84FD5FD81C13049000B4B703 /* Sources */ = {
			isa = PBXSourcesBuildPhase;
			buildActionMask = 2147483647;
			files = (
				848858941C1C47D200992588 /* GetDataViewController.m in Sources */,
				84FD5FE81C13049000B4B703 /* ViewController.m in Sources */,
				84F4A5601C19A232002E292A /* TopHitTableViewController.m in Sources */,
				8495A1FB1C47B91E00639857 /* ImageCollectionViewController.m in Sources */,
				84FD5FE51C13049000B4B703 /* AppDelegate.m in Sources */,
				84F0C7291C4E5778009A01AD /* AudioViewController.m in Sources */,
				848858841C1C393000992588 /* SingerTableViewController.m in Sources */,
				84074E541C3BDF5B0056CDD2 /* CustomTableViewCell.m in Sources */,
				848845081C20941D00242F17 /* SongListViewController.m in Sources */,
				84074E4C1C3BD9FE0056CDD2 /* CustomTableViewController.m in Sources */,
				84FD5FE21C13049000B4B703 /* main.m in Sources */,
				84FD36771C3E7FA4005BE592 /* MultiSectionTableViewController.m in Sources */,
				8488450B1C20941D00242F17 /* Constant.m in Sources */,
				84F4A55D1C1991CE002E292A /* MapAnnotation.m in Sources */,
			);
			runOnlyForDeploymentPostprocessing = 0;
		};
		84FD5FF11C13049100B4B703 /* Sources */ = {
			isa = PBXSourcesBuildPhase;
			buildActionMask = 2147483647;
			files = (
				84FD5FFC1C13049100B4B703 /* iOSStudyTests.m in Sources */,
			);
			runOnlyForDeploymentPostprocessing = 0;
		};
/* End PBXSourcesBuildPhase section */

/* Begin PBXTargetDependency section */
		84FD5FF71C13049100B4B703 /* PBXTargetDependency */ = {
			isa = PBXTargetDependency;
			target = 84FD5FDB1C13049000B4B703 /* iOSStudy */;
			targetProxy = 84FD5FF61C13049100B4B703 /* PBXContainerItemProxy */;
		};
/* End PBXTargetDependency section */

/* Begin PBXVariantGroup section */
		84FD5FE91C13049100B4B703 /* Main.storyboard */ = {
			isa = PBXVariantGroup;
			children = (
				84FD5FEA1C13049100B4B703 /* Base */,
			);
			name = Main.storyboard;
			sourceTree = "<group>";
		};
		84FD5FEE1C13049100B4B703 /* LaunchScreen.xib */ = {
			isa = PBXVariantGroup;
			children = (
				84FD5FEF1C13049100B4B703 /* Base */,
			);
			name = LaunchScreen.xib;
			sourceTree = "<group>";
		};
/* End PBXVariantGroup section */

/* Begin XCBuildConfiguration section */
		84FD5FFD1C13049100B4B703 /* Debug */ = {
			isa = XCBuildConfiguration;
			buildSettings = {
				ALWAYS_SEARCH_USER_PATHS = NO;
				CLANG_CXX_LANGUAGE_STANDARD = "gnu++0x";
				CLANG_CXX_LIBRARY = "libc++";
				CLANG_ENABLE_MODULES = YES;
				CLANG_ENABLE_OBJC_ARC = YES;
				CLANG_WARN_BOOL_CONVERSION = YES;
				CLANG_WARN_CONSTANT_CONVERSION = YES;
				CLANG_WARN_DIRECT_OBJC_ISA_USAGE = YES_ERROR;
				CLANG_WARN_EMPTY_BODY = YES;
				CLANG_WARN_ENUM_CONVERSION = YES;
				CLANG_WARN_INT_CONVERSION = YES;
				CLANG_WARN_OBJC_ROOT_CLASS = YES_ERROR;
				CLANG_WARN_UNREACHABLE_CODE = YES;
				CLANG_WARN__DUPLICATE_METHOD_MATCH = YES;
				"CODE_SIGN_IDENTITY[sdk=iphoneos*]" = "iPhone Developer";
				COPY_PHASE_STRIP = NO;
				ENABLE_STRICT_OBJC_MSGSEND = YES;
				GCC_C_LANGUAGE_STANDARD = gnu99;
				GCC_DYNAMIC_NO_PIC = NO;
				GCC_OPTIMIZATION_LEVEL = 0;
				GCC_PREPROCESSOR_DEFINITIONS = (
					"DEBUG=1",
					"$(inherited)",
				);
				GCC_SYMBOLS_PRIVATE_EXTERN = NO;
				GCC_WARN_64_TO_32_BIT_CONVERSION = YES;
				GCC_WARN_ABOUT_RETURN_TYPE = YES_ERROR;
				GCC_WARN_UNDECLARED_SELECTOR = YES;
				GCC_WARN_UNINITIALIZED_AUTOS = YES_AGGRESSIVE;
				GCC_WARN_UNUSED_FUNCTION = YES;
				GCC_WARN_UNUSED_VARIABLE = YES;
				IPHONEOS_DEPLOYMENT_TARGET = 8.1;
				MTL_ENABLE_DEBUG_INFO = YES;
				ONLY_ACTIVE_ARCH = YES;
				SDKROOT = iphoneos;
			};
			name = Debug;
		};
		84FD5FFE1C13049100B4B703 /* Release */ = {
			isa = XCBuildConfiguration;
			buildSettings = {
				ALWAYS_SEARCH_USER_PATHS = NO;
				CLANG_CXX_LANGUAGE_STANDARD = "gnu++0x";
				CLANG_CXX_LIBRARY = "libc++";
				CLANG_ENABLE_MODULES = YES;
				CLANG_ENABLE_OBJC_ARC = YES;
				CLANG_WARN_BOOL_CONVERSION = YES;
				CLANG_WARN_CONSTANT_CONVERSION = YES;
				CLANG_WARN_DIRECT_OBJC_ISA_USAGE = YES_ERROR;
				CLANG_WARN_EMPTY_BODY = YES;
				CLANG_WARN_ENUM_CONVERSION = YES;
				CLANG_WARN_INT_CONVERSION = YES;
				CLANG_WARN_OBJC_ROOT_CLASS = YES_ERROR;
				CLANG_WARN_UNREACHABLE_CODE = YES;
				CLANG_WARN__DUPLICATE_METHOD_MATCH = YES;
				"CODE_SIGN_IDENTITY[sdk=iphoneos*]" = "iPhone Developer";
				COPY_PHASE_STRIP = YES;
				ENABLE_NS_ASSERTIONS = NO;
				ENABLE_STRICT_OBJC_MSGSEND = YES;
				GCC_C_LANGUAGE_STANDARD = gnu99;
				GCC_WARN_64_TO_32_BIT_CONVERSION = YES;
				GCC_WARN_ABOUT_RETURN_TYPE = YES_ERROR;
				GCC_WARN_UNDECLARED_SELECTOR = YES;
				GCC_WARN_UNINITIALIZED_AUTOS = YES_AGGRESSIVE;
				GCC_WARN_UNUSED_FUNCTION = YES;
				GCC_WARN_UNUSED_VARIABLE = YES;
				IPHONEOS_DEPLOYMENT_TARGET = 8.1;
				MTL_ENABLE_DEBUG_INFO = NO;
				SDKROOT = iphoneos;
				VALIDATE_PRODUCT = YES;
			};
			name = Release;
		};
		84FD60001C13049100B4B703 /* Debug */ = {
			isa = XCBuildConfiguration;
			buildSettings = {
				ASSETCATALOG_COMPILER_APPICON_NAME = AppIcon;
				INFOPLIST_FILE = iOSStudy/Info.plist;
				LD_RUNPATH_SEARCH_PATHS = "$(inherited) @executable_path/Frameworks";
				PRODUCT_NAME = "$(TARGET_NAME)";
			};
			name = Debug;
		};
		84FD60011C13049100B4B703 /* Release */ = {
			isa = XCBuildConfiguration;
			buildSettings = {
				ASSETCATALOG_COMPILER_APPICON_NAME = AppIcon;
				INFOPLIST_FILE = iOSStudy/Info.plist;
				LD_RUNPATH_SEARCH_PATHS = "$(inherited) @executable_path/Frameworks";
				PRODUCT_NAME = "$(TARGET_NAME)";
			};
			name = Release;
		};
		84FD60031C13049100B4B703 /* Debug */ = {
			isa = XCBuildConfiguration;
			buildSettings = {
				BUNDLE_LOADER = "$(TEST_HOST)";
				FRAMEWORK_SEARCH_PATHS = (
					"$(SDKROOT)/Developer/Library/Frameworks",
					"$(inherited)",
				);
				GCC_PREPROCESSOR_DEFINITIONS = (
					"DEBUG=1",
					"$(inherited)",
				);
				INFOPLIST_FILE = iOSStudyTests/Info.plist;
				LD_RUNPATH_SEARCH_PATHS = "$(inherited) @executable_path/Frameworks @loader_path/Frameworks";
				PRODUCT_NAME = "$(TARGET_NAME)";
				TEST_HOST = "$(BUILT_PRODUCTS_DIR)/iOSStudy.app/iOSStudy";
			};
			name = Debug;
		};
		84FD60041C13049100B4B703 /* Release */ = {
			isa = XCBuildConfiguration;
			buildSettings = {
				BUNDLE_LOADER = "$(TEST_HOST)";
				FRAMEWORK_SEARCH_PATHS = (
					"$(SDKROOT)/Developer/Library/Frameworks",
					"$(inherited)",
				);
				INFOPLIST_FILE = iOSStudyTests/Info.plist;
				LD_RUNPATH_SEARCH_PATHS = "$(inherited) @executable_path/Frameworks @loader_path/Frameworks";
				PRODUCT_NAME = "$(TARGET_NAME)";
				TEST_HOST = "$(BUILT_PRODUCTS_DIR)/iOSStudy.app/iOSStudy";
			};
			name = Release;
		};
/* End XCBuildConfiguration section */

/* Begin XCConfigurationList section */
		84FD5FD71C13049000B4B703 /* Build configuration list for PBXProject "iOSStudy" */ = {
			isa = XCConfigurationList;
			buildConfigurations = (
				84FD5FFD1C13049100B4B703 /* Debug */,
				84FD5FFE1C13049100B4B703 /* Release */,
			);
			defaultConfigurationIsVisible = 0;
			defaultConfigurationName = Release;
		};
		84FD5FFF1C13049100B4B703 /* Build configuration list for PBXNativeTarget "iOSStudy" */ = {
			isa = XCConfigurationList;
			buildConfigurations = (
				84FD60001C13049100B4B703 /* Debug */,
				84FD60011C13049100B4B703 /* Release */,
			);
			defaultConfigurationIsVisible = 0;
			defaultConfigurationName = Release;
		};
		84FD60021C13049100B4B703 /* Build configuration list for PBXNativeTarget "iOSStudyTests" */ = {
			isa = XCConfigurationList;
			buildConfigurations = (
				84FD60031C13049100B4B703 /* Debug */,
				84FD60041C13049100B4B703 /* Release */,
			);
			defaultConfigurationIsVisible = 0;
			defaultConfigurationName = Release;
		};
/* End XCConfigurationList section */
	};
	rootObject = 84FD5FD41C13049000B4B703 /* Project object */;
}
